
Microsoft Visual Studio Solution File, Format Version 12.00
# Visual Studio Version 16
VisualStudioVersion = 16.0.30309.148
MinimumVisualStudioVersion = 10.0.40219.1
Project("{FAE04EC0-301F-11D3-BF4B-00C04F79EFBC}") = "eLibrary", "eLibrary\eLibrary.csproj", "{9030A394-D43B-47F7-A05D-1E984F22C66F}"
EndProject
Project("{FAE04EC0-301F-11D3-BF4B-00C04F79EFBC}") = "eLibrary.Entities", "eLibrary.Entities\eLibrary.Entities.csproj", "{73929CE1-2D40-4A89-AE86-8396608C21EB}"
EndProject
Project("{FAE04EC0-301F-11D3-BF4B-00C04F79EFBC}") = "eLibrary.Services", "eLibrary.Services\eLibrary.Services.csproj", "{70FC8350-42EF-4AEA-A4D2-586B150102DB}"
EndProject
Global
	GlobalSection(SolutionConfigurationPlatforms) = preSolution
		Debug|Any CPU = Debug|Any CPU
		Release|Any CPU = Release|Any CPU
	EndGlobalSection
	GlobalSection(ProjectConfigurationPlatforms) = postSolution
		{9030A394-D43B-47F7-A05D-1E984F22C66F}.Debug|Any CPU.ActiveCfg = Debug|Any CPU
		{9030A394-D43B-47F7-A05D-1E984F22C66F}.Debug|Any CPU.Build.0 = Debug|Any CPU
		{9030A394-D43B-47F7-A05D-1E984F22C66F}.Release|Any CPU.ActiveCfg = Release|Any CPU
		{9030A394-D43B-47F7-A05D-1E984F22C66F}.Release|Any CPU.Build.0 = Release|Any CPU
		{73929CE1-2D40-4A89-AE86-8396608C21EB}.Debug|Any CPU.ActiveCfg = Debug|Any CPU
		{73929CE1-2D40-4A89-AE86-8396608C21EB}.Debug|Any CPU.Build.0 = Debug|Any CPU
		{73929CE1-2D40-4A89-AE86-8396608C21EB}.Release|Any CPU.ActiveCfg = Release|Any CPU
		{73929CE1-2D40-4A89-AE86-8396608C21EB}.Release|Any CPU.Build.0 = Release|Any CPU
		{70FC8350-42EF-4AEA-A4D2-586B150102DB}.Debug|Any CPU.ActiveCfg = Debug|Any CPU
		{70FC8350-42EF-4AEA-A4D2-586B150102DB}.Debug|Any CPU.Build.0 = Debug|Any CPU
		{70FC8350-42EF-4AEA-A4D2-586B150102DB}.Release|Any CPU.ActiveCfg = Release|Any CPU
		{70FC8350-42EF-4AEA-A4D2-586B150102DB}.Release|Any CPU.Build.0 = Release|Any CPU
	EndGlobalSection
	GlobalSection(SolutionProperties) = preSolution
		HideSolutionNode = FALSE
	EndGlobalSection
	GlobalSection(ExtensibilityGlobals) = postSolution
		SolutionGuid = {02311515-795D-4131-836F-3ACCA366A146}
	EndGlobalSection
EndGlobal
